
Microsoft Visual Studio Solution File, Format Version 12.00
# Visual Studio 15
Project("{FAE04EC0-301F-11D3-BF4B-00C04F79EFBC}") = "Assembly-CSharp", "Assembly-CSharp.csproj", "{6B220042-69FC-FDAC-A50E-05BA1B2E022C}"
EndProject
Project("{FAE04EC0-301F-11D3-BF4B-00C04F79EFBC}") = "Assembly-CSharp-Editor-firstpass", "Assembly-CSharp-Editor-firstpass.csproj", "{B3006551-7D4B-4468-40E0-3C0459E37564}"
EndProject
Global
	GlobalSection(SolutionConfigurationPlatforms) = preSolution
		Debug|Any CPU = Debug|Any CPU
		Release|Any CPU = Release|Any CPU
	EndGlobalSection
	GlobalSection(ProjectConfigurationPlatforms) = postSolution
		{6B220042-69FC-FDAC-A50E-05BA1B2E022C}.Debug|Any CPU.ActiveCfg = Debug|Any CPU
		{6B220042-69FC-FDAC-A50E-05BA1B2E022C}.Debug|Any CPU.Build.0 = Debug|Any CPU
		{6B220042-69FC-FDAC-A50E-05BA1B2E022C}.Release|Any CPU.ActiveCfg = Release|Any CPU
		{6B220042-69FC-FDAC-A50E-05BA1B2E022C}.Release|Any CPU.Build.0 = Release|Any CPU
		{B3006551-7D4B-4468-40E0-3C0459E37564}.Debug|Any CPU.ActiveCfg = Debug|Any CPU
		{B3006551-7D4B-4468-40E0-3C0459E37564}.Debug|Any CPU.Build.0 = Debug|Any CPU
		{B3006551-7D4B-4468-40E0-3C0459E37564}.Release|Any CPU.ActiveCfg = Release|Any CPU
		{B3006551-7D4B-4468-40E0-3C0459E37564}.Release|Any CPU.Build.0 = Release|Any CPU
	EndGlobalSection
	GlobalSection(SolutionProperties) = preSolution
		HideSolutionNode = FALSE
	EndGlobalSection
EndGlobal
